
Microsoft Visual Studio Solution File, Format Version 12.00
# Visual Studio 15
VisualStudioVersion = 15.0.27428.2037
MinimumVisualStudioVersion = 10.0.40219.1
Project("{FAE04EC0-301F-11D3-BF4B-00C04F79EFBC}") = "CompMathLab2", "CompMathLab2\CompMathLab2.csproj", "{51A57F47-E4DA-42FD-B482-7EB567112E66}"
EndProject
Project("{FAE04EC0-301F-11D3-BF4B-00C04F79EFBC}") = "CompMathLab1", "CompMathLab1\CompMathLab1.csproj", "{FC9C032D-D419-471D-A6EB-FB5072E82D4D}"
EndProject
Project("{FAE04EC0-301F-11D3-BF4B-00C04F79EFBC}") = "CompMathLab5", "CompMathLab5\CompMathLab5.csproj", "{47AB1366-B5D9-40EA-A1A8-CBA8F6F9736A}"
EndProject
Project("{FAE04EC0-301F-11D3-BF4B-00C04F79EFBC}") = "CompMathLab3", "CompMathLab3\CompMathLab3.csproj", "{168CD821-27D6-4CA4-8262-D050B5E22AF2}"
EndProject
Project("{FAE04EC0-301F-11D3-BF4B-00C04F79EFBC}") = "CompMathLab4", "CompMathLab4\CompMathLab4.csproj", "{A250C982-F895-41ED-8FBB-8ECF18DFA5B7}"
EndProject
Project("{FAE04EC0-301F-11D3-BF4B-00C04F79EFBC}") = "CompMathLab6", "CompMathLab6\CompMathLab6.csproj", "{23326373-DEFF-4FD4-A63E-D561F7A1F2D2}"
EndProject
Global
	GlobalSection(SolutionConfigurationPlatforms) = preSolution
		Debug|Any CPU = Debug|Any CPU
		Release|Any CPU = Release|Any CPU
	EndGlobalSection
	GlobalSection(ProjectConfigurationPlatforms) = postSolution
		{51A57F47-E4DA-42FD-B482-7EB567112E66}.Debug|Any CPU.ActiveCfg = Debug|Any CPU
		{51A57F47-E4DA-42FD-B482-7EB567112E66}.Debug|Any CPU.Build.0 = Debug|Any CPU
		{51A57F47-E4DA-42FD-B482-7EB567112E66}.Release|Any CPU.ActiveCfg = Release|Any CPU
		{51A57F47-E4DA-42FD-B482-7EB567112E66}.Release|Any CPU.Build.0 = Release|Any CPU
		{FC9C032D-D419-471D-A6EB-FB5072E82D4D}.Debug|Any CPU.ActiveCfg = Debug|Any CPU
		{FC9C032D-D419-471D-A6EB-FB5072E82D4D}.Debug|Any CPU.Build.0 = Debug|Any CPU
		{FC9C032D-D419-471D-A6EB-FB5072E82D4D}.Release|Any CPU.ActiveCfg = Release|Any CPU
		{FC9C032D-D419-471D-A6EB-FB5072E82D4D}.Release|Any CPU.Build.0 = Release|Any CPU
		{47AB1366-B5D9-40EA-A1A8-CBA8F6F9736A}.Debug|Any CPU.ActiveCfg = Debug|Any CPU
		{47AB1366-B5D9-40EA-A1A8-CBA8F6F9736A}.Debug|Any CPU.Build.0 = Debug|Any CPU
		{47AB1366-B5D9-40EA-A1A8-CBA8F6F9736A}.Release|Any CPU.ActiveCfg = Release|Any CPU
		{47AB1366-B5D9-40EA-A1A8-CBA8F6F9736A}.Release|Any CPU.Build.0 = Release|Any CPU
		{168CD821-27D6-4CA4-8262-D050B5E22AF2}.Debug|Any CPU.ActiveCfg = Debug|Any CPU
		{168CD821-27D6-4CA4-8262-D050B5E22AF2}.Debug|Any CPU.Build.0 = Debug|Any CPU
		{168CD821-27D6-4CA4-8262-D050B5E22AF2}.Release|Any CPU.ActiveCfg = Release|Any CPU
		{168CD821-27D6-4CA4-8262-D050B5E22AF2}.Release|Any CPU.Build.0 = Release|Any CPU
		{A250C982-F895-41ED-8FBB-8ECF18DFA5B7}.Debug|Any CPU.ActiveCfg = Debug|Any CPU
		{A250C982-F895-41ED-8FBB-8ECF18DFA5B7}.Debug|Any CPU.Build.0 = Debug|Any CPU
		{A250C982-F895-41ED-8FBB-8ECF18DFA5B7}.Release|Any CPU.ActiveCfg = Release|Any CPU
		{A250C982-F895-41ED-8FBB-8ECF18DFA5B7}.Release|Any CPU.Build.0 = Release|Any CPU
		{23326373-DEFF-4FD4-A63E-D561F7A1F2D2}.Debug|Any CPU.ActiveCfg = Debug|Any CPU
		{23326373-DEFF-4FD4-A63E-D561F7A1F2D2}.Debug|Any CPU.Build.0 = Debug|Any CPU
		{23326373-DEFF-4FD4-A63E-D561F7A1F2D2}.Release|Any CPU.ActiveCfg = Release|Any CPU
		{23326373-DEFF-4FD4-A63E-D561F7A1F2D2}.Release|Any CPU.Build.0 = Release|Any CPU
	EndGlobalSection
	GlobalSection(SolutionProperties) = preSolution
		HideSolutionNode = FALSE
	EndGlobalSection
	GlobalSection(ExtensibilityGlobals) = postSolution
		SolutionGuid = {62E02A74-8EBF-4F2D-BC64-BEFC1F1DF9D5}
	EndGlobalSection
EndGlobal
